
Microsoft Visual Studio Solution File, Format Version 12.00
# Visual Studio 14
VisualStudioVersion = 14.0.25420.1
MinimumVisualStudioVersion = 10.0.40219.1
Project("{FAE04EC0-301F-11D3-BF4B-00C04F79EFBC}") = "GraphsFramework", "GraphsFramework\GraphsFramework.csproj", "{B3E49C75-FF9F-462D-931F-319D9684FCEA}"
EndProject
Project("{FAE04EC0-301F-11D3-BF4B-00C04F79EFBC}") = "GraphsTests", "GraphsTests\GraphsTests.csproj", "{E2AEE919-5694-43EF-B839-2565130A697A}"
EndProject
Global
	GlobalSection(SolutionConfigurationPlatforms) = preSolution
		Debug|Any CPU = Debug|Any CPU
		Release|Any CPU = Release|Any CPU
	EndGlobalSection
	GlobalSection(ProjectConfigurationPlatforms) = postSolution
		{B3E49C75-FF9F-462D-931F-319D9684FCEA}.Debug|Any CPU.ActiveCfg = Debug|Any CPU
		{B3E49C75-FF9F-462D-931F-319D9684FCEA}.Debug|Any CPU.Build.0 = Debug|Any CPU
		{B3E49C75-FF9F-462D-931F-319D9684FCEA}.Release|Any CPU.ActiveCfg = Release|Any CPU
		{B3E49C75-FF9F-462D-931F-319D9684FCEA}.Release|Any CPU.Build.0 = Release|Any CPU
		{E2AEE919-5694-43EF-B839-2565130A697A}.Debug|Any CPU.ActiveCfg = Debug|Any CPU
		{E2AEE919-5694-43EF-B839-2565130A697A}.Debug|Any CPU.Build.0 = Debug|Any CPU
		{E2AEE919-5694-43EF-B839-2565130A697A}.Release|Any CPU.ActiveCfg = Release|Any CPU
		{E2AEE919-5694-43EF-B839-2565130A697A}.Release|Any CPU.Build.0 = Release|Any CPU
	EndGlobalSection
	GlobalSection(SolutionProperties) = preSolution
		HideSolutionNode = FALSE
	EndGlobalSection
EndGlobal
